
Microsoft Visual Studio Solution File, Format Version 12.00
# Visual Studio Version 16
VisualStudioVersion = 16.0.32106.194
MinimumVisualStudioVersion = 10.0.40219.1
Project("{9A19103F-16F7-4668-BE54-9A1E7A4F7556}") = "ViewLayer", "ViewLayer\ViewLayer.csproj", "{709B8492-0622-42CE-A129-9905FAC576ED}"
EndProject
Project("{9A19103F-16F7-4668-BE54-9A1E7A4F7556}") = "DataLayer", "DataLayer\DataLayer.csproj", "{F2DF928B-55DF-415A-A2E3-FCF0344AE7CD}"
EndProject
Project("{FAE04EC0-301F-11D3-BF4B-00C04F79EFBC}") = "BusinessLayer", "BusinessLayer\BusinessLayer.csproj", "{9B3E3988-51A5-41A2-A909-444167DAD8D3}"
EndProject
Global
	GlobalSection(SolutionConfigurationPlatforms) = preSolution
		Debug|Any CPU = Debug|Any CPU
		Release|Any CPU = Release|Any CPU
	EndGlobalSection
	GlobalSection(ProjectConfigurationPlatforms) = postSolution
		{709B8492-0622-42CE-A129-9905FAC576ED}.Debug|Any CPU.ActiveCfg = Debug|Any CPU
		{709B8492-0622-42CE-A129-9905FAC576ED}.Debug|Any CPU.Build.0 = Debug|Any CPU
		{709B8492-0622-42CE-A129-9905FAC576ED}.Release|Any CPU.ActiveCfg = Release|Any CPU
		{709B8492-0622-42CE-A129-9905FAC576ED}.Release|Any CPU.Build.0 = Release|Any CPU
		{F2DF928B-55DF-415A-A2E3-FCF0344AE7CD}.Debug|Any CPU.ActiveCfg = Debug|Any CPU
		{F2DF928B-55DF-415A-A2E3-FCF0344AE7CD}.Debug|Any CPU.Build.0 = Debug|Any CPU
		{F2DF928B-55DF-415A-A2E3-FCF0344AE7CD}.Release|Any CPU.ActiveCfg = Release|Any CPU
		{F2DF928B-55DF-415A-A2E3-FCF0344AE7CD}.Release|Any CPU.Build.0 = Release|Any CPU
		{9B3E3988-51A5-41A2-A909-444167DAD8D3}.Debug|Any CPU.ActiveCfg = Debug|Any CPU
		{9B3E3988-51A5-41A2-A909-444167DAD8D3}.Debug|Any CPU.Build.0 = Debug|Any CPU
		{9B3E3988-51A5-41A2-A909-444167DAD8D3}.Release|Any CPU.ActiveCfg = Release|Any CPU
		{9B3E3988-51A5-41A2-A909-444167DAD8D3}.Release|Any CPU.Build.0 = Release|Any CPU
	EndGlobalSection
	GlobalSection(SolutionProperties) = preSolution
		HideSolutionNode = FALSE
	EndGlobalSection
	GlobalSection(ExtensibilityGlobals) = postSolution
		SolutionGuid = {721557D2-5E28-43C0-BB80-3A05DC7D8882}
	EndGlobalSection
EndGlobal
